// !$*UTF8*$!
{
	archiveVersion = 1;
	classes = {
	};
	objectVersion = 56;
	objects = {

/* Begin PBXBuildFile section */
		174E2D8429B1E0F50027379A /* _3_03_API_Todos_ListeApp.swift in Sources */ = {isa = PBXBuildFile; fileRef = 174E2D8329B1E0F50027379A /* _3_03_API_Todos_ListeApp.swift */; };
		174E2D8629B1E0F50027379A /* ContentView.swift in Sources */ = {isa = PBXBuildFile; fileRef = 174E2D8529B1E0F50027379A /* ContentView.swift */; };
		174E2D8829B1E0F70027379A /* Assets.xcassets in Resources */ = {isa = PBXBuildFile; fileRef = 174E2D8729B1E0F70027379A /* Assets.xcassets */; };
		174E2D8B29B1E0F70027379A /* Preview Assets.xcassets in Resources */ = {isa = PBXBuildFile; fileRef = 174E2D8A29B1E0F70027379A /* Preview Assets.xcassets */; };
/* End PBXBuildFile section */

/* Begin PBXContainerItemProxy section */
		174E2D9129B1E0F70027379A /* PBXContainerItemProxy */ = {
			isa = PBXContainerItemProxy;
			containerPortal = 174E2D7829B1E0F50027379A /* Project object */;
			proxyType = 1;
			remoteGlobalIDString = 174E2D7F29B1E0F50027379A;
			remoteInfo = "03.03 API Todos-Liste";
		};
		174E2D9B29B1E0F70027379A /* PBXContainerItemProxy */ = {
			isa = PBXContainerItemProxy;
			containerPortal = 174E2D7829B1E0F50027379A /* Project object */;
			proxyType = 1;
			remoteGlobalIDString = 174E2D7F29B1E0F50027379A;
			remoteInfo = "03.03 API Todos-Liste";
		};
/* End PBXContainerItemProxy section */

/* Begin PBXFileReference section */
		174E2D8029B1E0F50027379A /* 03.03 API Todos-Liste.app */ = {isa = PBXFileReference; explicitFileType = wrapper.application; includeInIndex = 0; path = "03.03 API Todos-Liste.app"; sourceTree = BUILT_PRODUCTS_DIR; };
		174E2D8329B1E0F50027379A /* _3_03_API_Todos_ListeApp.swift */ = {isa = PBXFileReference; lastKnownFileType = sourcecode.swift; path = _3_03_API_Todos_ListeApp.swift; sourceTree = "<group>"; };
		174E2D8529B1E0F50027379A /* ContentView.swift */ = {isa = PBXFileReference; lastKnownFileType = sourcecode.swift; path = ContentView.swift; sourceTree = "<group>"; };
		174E2D8729B1E0F70027379A /* Assets.xcassets */ = {isa = PBXFileReference; lastKnownFileType = folder.assetcatalog; path = Assets.xcassets; sourceTree = "<group>"; };
		174E2D8A29B1E0F70027379A /* Preview Assets.xcassets */ = {isa = PBXFileReference; lastKnownFileType = folder.assetcatalog; path = "Preview Assets.xcassets"; sourceTree = "<group>"; };
		174E2D9029B1E0F70027379A /* 03.03 API Todos-ListeTests.xctest */ = {isa = PBXFileReference; explicitFileType = wrapper.cfbundle; includeInIndex = 0; path = "03.03 API Todos-ListeTests.xctest"; sourceTree = BUILT_PRODUCTS_DIR; };
		174E2D9A29B1E0F70027379A /* 03.03 API Todos-ListeUITests.xctest */ = {isa = PBXFileReference; explicitFileType = wrapper.cfbundle; includeInIndex = 0; path = "03.03 API Todos-ListeUITests.xctest"; sourceTree = BUILT_PRODUCTS_DIR; };
/* End PBXFileReference section */

/* Begin PBXFrameworksBuildPhase section */
		174E2D7D29B1E0F50027379A /* Frameworks */ = {
			isa = PBXFrameworksBuildPhase;
			buildActionMask = 2147483647;
			files = (
			);
			runOnlyForDeploymentPostprocessing = 0;
		};
		174E2D8D29B1E0F70027379A /* Frameworks */ = {
			isa = PBXFrameworksBuildPhase;
			buildActionMask = 2147483647;
			files = (
			);
			runOnlyForDeploymentPostprocessing = 0;
		};
		174E2D9729B1E0F70027379A /* Frameworks */ = {
			isa = PBXFrameworksBuildPhase;
			buildActionMask = 2147483647;
			files = (
			);
			runOnlyForDeploymentPostprocessing = 0;
		};
/* End PBXFrameworksBuildPhase section */

/* Begin PBXGroup section */
		174E2D7729B1E0F50027379A = {
			isa = PBXGroup;
			children = (
				174E2D8229B1E0F50027379A /* 03.03 API Todos-Liste */,
				174E2D8129B1E0F50027379A /* Products */,
			);
			sourceTree = "<group>";
		};
		174E2D8129B1E0F50027379A /* Products */ = {
			isa = PBXGroup;
			children = (
				174E2D8029B1E0F50027379A /* 03.03 API Todos-Liste.app */,
				174E2D9029B1E0F70027379A /* 03.03 API Todos-ListeTests.xctest */,
				174E2D9A29B1E0F70027379A /* 03.03 API Todos-ListeUITests.xctest */,
			);
			name = Products;
			sourceTree = "<group>";
		};
		174E2D8229B1E0F50027379A /* 03.03 API Todos-Liste */ = {
			isa = PBXGroup;
			children = (
				174E2D8329B1E0F50027379A /* _3_03_API_Todos_ListeApp.swift */,
				174E2D8529B1E0F50027379A /* ContentView.swift */,
				174E2D8729B1E0F70027379A /* Assets.xcassets */,
				174E2D8929B1E0F70027379A /* Preview Content */,
			);
			path = "03.03 API Todos-Liste";
			sourceTree = "<group>";
		};
		174E2D8929B1E0F70027379A /* Preview Content */ = {
			isa = PBXGroup;
			children = (
				174E2D8A29B1E0F70027379A /* Preview Assets.xcassets */,
			);
			path = "Preview Content";
			sourceTree = "<group>";
		};
/* End PBXGroup section */

/* Begin PBXNativeTarget section */
		174E2D7F29B1E0F50027379A /* 03.03 API Todos-Liste */ = {
			isa = PBXNativeTarget;
			buildConfigurationList = 174E2DA429B1E0F70027379A /* Build configuration list for PBXNativeTarget "03.03 API Todos-Liste" */;
			buildPhases = (
				174E2D7C29B1E0F50027379A /* Sources */,
				174E2D7D29B1E0F50027379A /* Frameworks */,
				174E2D7E29B1E0F50027379A /* Resources */,
			);
			buildRules = (
			);
			dependencies = (
			);
			name = "03.03 API Todos-Liste";
			productName = "03.03 API Todos-Liste";
			productReference = 174E2D8029B1E0F50027379A /* 03.03 API Todos-Liste.app */;
			productType = "com.apple.product-type.application";
		};
		174E2D8F29B1E0F70027379A /* 03.03 API Todos-ListeTests */ = {
			isa = PBXNativeTarget;
			buildConfigurationList = 174E2DA729B1E0F70027379A /* Build configuration list for PBXNativeTarget "03.03 API Todos-ListeTests" */;
			buildPhases = (
				174E2D8C29B1E0F70027379A /* Sources */,
				174E2D8D29B1E0F70027379A /* Frameworks */,
				174E2D8E29B1E0F70027379A /* Resources */,
			);
			buildRules = (
			);
			dependencies = (
				174E2D9229B1E0F70027379A /* PBXTargetDependency */,
			);
			name = "03.03 API Todos-ListeTests";
			productName = "03.03 API Todos-ListeTests";
			productReference = 174E2D9029B1E0F70027379A /* 03.03 API Todos-ListeTests.xctest */;
			productType = "com.apple.product-type.bundle.unit-test";
		};
		174E2D9929B1E0F70027379A /* 03.03 API Todos-ListeUITests */ = {
			isa = PBXNativeTarget;
			buildConfigurationList = 174E2DAA29B1E0F70027379A /* Build configuration list for PBXNativeTarget "03.03 API Todos-ListeUITests" */;
			buildPhases = (
				174E2D9629B1E0F70027379A /* Sources */,
				174E2D9729B1E0F70027379A /* Frameworks */,
				174E2D9829B1E0F70027379A /* Resources */,
			);
			buildRules = (
			);
			dependencies = (
				174E2D9C29B1E0F70027379A /* PBXTargetDependency */,
			);
			name = "03.03 API Todos-ListeUITests";
			productName = "03.03 API Todos-ListeUITests";
			productReference = 174E2D9A29B1E0F70027379A /* 03.03 API Todos-ListeUITests.xctest */;
			productType = "com.apple.product-type.bundle.ui-testing";
		};
/* End PBXNativeTarget section */

/* Begin PBXProject section */
		174E2D7829B1E0F50027379A /* Project object */ = {
			isa = PBXProject;
			attributes = {
				BuildIndependentTargetsInParallel = 1;
				LastSwiftUpdateCheck = 1420;
				LastUpgradeCheck = 1420;
				TargetAttributes = {
					174E2D7F29B1E0F50027379A = {
						CreatedOnToolsVersion = 14.2;
					};
					174E2D8F29B1E0F70027379A = {
						CreatedOnToolsVersion = 14.2;
						TestTargetID = 174E2D7F29B1E0F50027379A;
					};
					174E2D9929B1E0F70027379A = {
						CreatedOnToolsVersion = 14.2;
						TestTargetID = 174E2D7F29B1E0F50027379A;
					};
				};
			};
			buildConfigurationList = 174E2D7B29B1E0F50027379A /* Build configuration list for PBXProject "03.03 API Todos-Liste" */;
			compatibilityVersion = "Xcode 14.0";
			developmentRegion = en;
			hasScannedForEncodings = 0;
			knownRegions = (
				en,
				Base,
			);
			mainGroup = 174E2D7729B1E0F50027379A;
			productRefGroup = 174E2D8129B1E0F50027379A /* Products */;
			projectDirPath = "";
			projectRoot = "";
			targets = (
				174E2D7F29B1E0F50027379A /* 03.03 API Todos-Liste */,
				174E2D8F29B1E0F70027379A /* 03.03 API Todos-ListeTests */,
				174E2D9929B1E0F70027379A /* 03.03 API Todos-ListeUITests */,
			);
		};
/* End PBXProject section */

/* Begin PBXResourcesBuildPhase section */
		174E2D7E29B1E0F50027379A /* Resources */ = {
			isa = PBXResourcesBuildPhase;
			buildActionMask = 2147483647;
			files = (
				174E2D8B29B1E0F70027379A /* Preview Assets.xcassets in Resources */,
				174E2D8829B1E0F70027379A /* Assets.xcassets in Resources */,
			);
			runOnlyForDeploymentPostprocessing = 0;
		};
		174E2D8E29B1E0F70027379A /* Resources */ = {
			isa = PBXResourcesBuildPhase;
			buildActionMask = 2147483647;
			files = (
			);
			runOnlyForDeploymentPostprocessing = 0;
		};
		174E2D9829B1E0F70027379A /* Resources */ = {
			isa = PBXResourcesBuildPhase;
			buildActionMask = 2147483647;
			files = (
			);
			runOnlyForDeploymentPostprocessing = 0;
		};
/* End PBXResourcesBuildPhase section */

/* Begin PBXSourcesBuildPhase section */
		174E2D7C29B1E0F50027379A /* Sources */ = {
			isa = PBXSourcesBuildPhase;
			buildActionMask = 2147483647;
			files = (
				174E2D8629B1E0F50027379A /* ContentView.swift in Sources */,
				174E2D8429B1E0F50027379A /* _3_03_API_Todos_ListeApp.swift in Sources */,
			);
			runOnlyForDeploymentPostprocessing = 0;
		};
		174E2D8C29B1E0F70027379A /* Sources */ = {
			isa = PBXSourcesBuildPhase;
			buildActionMask = 2147483647;
			files = (
			);
			runOnlyForDeploymentPostprocessing = 0;
		};
		174E2D9629B1E0F70027379A /* Sources */ = {
			isa = PBXSourcesBuildPhase;
			buildActionMask = 2147483647;
			files = (
			);
			runOnlyForDeploymentPostprocessing = 0;
		};
/* End PBXSourcesBuildPhase section */

/* Begin PBXTargetDependency section */
		174E2D9229B1E0F70027379A /* PBXTargetDependency */ = {
			isa = PBXTargetDependency;
			target = 174E2D7F29B1E0F50027379A /* 03.03 API Todos-Liste */;
			targetProxy = 174E2D9129B1E0F70027379A /* PBXContainerItemProxy */;
		};
		174E2D9C29B1E0F70027379A /* PBXTargetDependency */ = {
			isa = PBXTargetDependency;
			target = 174E2D7F29B1E0F50027379A /* 03.03 API Todos-Liste */;
			targetProxy = 174E2D9B29B1E0F70027379A /* PBXContainerItemProxy */;
		};
/* End PBXTargetDependency section */

/* Begin XCBuildConfiguration section */
		174E2DA229B1E0F70027379A /* Debug */ = {
			isa = XCBuildConfiguration;
			buildSettings = {
				ALWAYS_SEARCH_USER_PATHS = NO;
				CLANG_ANALYZER_NONNULL = YES;
				CLANG_ANALYZER_NUMBER_OBJECT_CONVERSION = YES_AGGRESSIVE;
				CLANG_CXX_LANGUAGE_STANDARD = "gnu++20";
				CLANG_ENABLE_MODULES = YES;
				CLANG_ENABLE_OBJC_ARC = YES;
				CLANG_ENABLE_OBJC_WEAK = YES;
				CLANG_WARN_BLOCK_CAPTURE_AUTORELEASING = YES;
				CLANG_WARN_BOOL_CONVERSION = YES;
				CLANG_WARN_COMMA = YES;
				CLANG_WARN_CONSTANT_CONVERSION = YES;
				CLANG_WARN_DEPRECATED_OBJC_IMPLEMENTATIONS = YES;
				CLANG_WARN_DIRECT_OBJC_ISA_USAGE = YES_ERROR;
				CLANG_WARN_DOCUMENTATION_COMMENTS = YES;
				CLANG_WARN_EMPTY_BODY = YES;
				CLANG_WARN_ENUM_CONVERSION = YES;
				CLANG_WARN_INFINITE_RECURSION = YES;
				CLANG_WARN_INT_CONVERSION = YES;
				CLANG_WARN_NON_LITERAL_NULL_CONVERSION = YES;
				CLANG_WARN_OBJC_IMPLICIT_RETAIN_SELF = YES;
				CLANG_WARN_OBJC_LITERAL_CONVERSION = YES;
				CLANG_WARN_OBJC_ROOT_CLASS = YES_ERROR;
				CLANG_WARN_QUOTED_INCLUDE_IN_FRAMEWORK_HEADER = YES;
				CLANG_WARN_RANGE_LOOP_ANALYSIS = YES;
				CLANG_WARN_STRICT_PROTOTYPES = YES;
				CLANG_WARN_SUSPICIOUS_MOVE = YES;
				CLANG_WARN_UNGUARDED_AVAILABILITY = YES_AGGRESSIVE;
				CLANG_WARN_UNREACHABLE_CODE = YES;
				CLANG_WARN__DUPLICATE_METHOD_MATCH = YES;
				COPY_PHASE_STRIP = NO;
				DEBUG_INFORMATION_FORMAT = dwarf;
				ENABLE_STRICT_OBJC_MSGSEND = YES;
				ENABLE_TESTABILITY = YES;
				GCC_C_LANGUAGE_STANDARD = gnu11;
				GCC_DYNAMIC_NO_PIC = NO;
				GCC_NO_COMMON_BLOCKS = YES;
				GCC_OPTIMIZATION_LEVEL = 0;
				GCC_PREPROCESSOR_DEFINITIONS = (
					"DEBUG=1",
					"$(inherited)",
				);
				GCC_WARN_64_TO_32_BIT_CONVERSION = YES;
				GCC_WARN_ABOUT_RETURN_TYPE = YES_ERROR;
				GCC_WARN_UNDECLARED_SELECTOR = YES;
				GCC_WARN_UNINITIALIZED_AUTOS = YES_AGGRESSIVE;
				GCC_WARN_UNUSED_FUNCTION = YES;
				GCC_WARN_UNUSED_VARIABLE = YES;
				IPHONEOS_DEPLOYMENT_TARGET = 16.2;
				MTL_ENABLE_DEBUG_INFO = INCLUDE_SOURCE;
				MTL_FAST_MATH = YES;
				ONLY_ACTIVE_ARCH = YES;
				SDKROOT = iphoneos;
				SWIFT_ACTIVE_COMPILATION_CONDITIONS = DEBUG;
				SWIFT_OPTIMIZATION_LEVEL = "-Onone";
			};
			name = Debug;
		};
		174E2DA329B1E0F70027379A /* Release */ = {
			isa = XCBuildConfiguration;
			buildSettings = {
				ALWAYS_SEARCH_USER_PATHS = NO;
				CLANG_ANALYZER_NONNULL = YES;
				CLANG_ANALYZER_NUMBER_OBJECT_CONVERSION = YES_AGGRESSIVE;
				CLANG_CXX_LANGUAGE_STANDARD = "gnu++20";
				CLANG_ENABLE_MODULES = YES;
				CLANG_ENABLE_OBJC_ARC = YES;
				CLANG_ENABLE_OBJC_WEAK = YES;
				CLANG_WARN_BLOCK_CAPTURE_AUTORELEASING = YES;
				CLANG_WARN_BOOL_CONVERSION = YES;
				CLANG_WARN_COMMA = YES;
				CLANG_WARN_CONSTANT_CONVERSION = YES;
				CLANG_WARN_DEPRECATED_OBJC_IMPLEMENTATIONS = YES;
				CLANG_WARN_DIRECT_OBJC_ISA_USAGE = YES_ERROR;
				CLANG_WARN_DOCUMENTATION_COMMENTS = YES;
				CLANG_WARN_EMPTY_BODY = YES;
				CLANG_WARN_ENUM_CONVERSION = YES;
				CLANG_WARN_INFINITE_RECURSION = YES;
				CLANG_WARN_INT_CONVERSION = YES;
				CLANG_WARN_NON_LITERAL_NULL_CONVERSION = YES;
				CLANG_WARN_OBJC_IMPLICIT_RETAIN_SELF = YES;
				CLANG_WARN_OBJC_LITERAL_CONVERSION = YES;
				CLANG_WARN_OBJC_ROOT_CLASS = YES_ERROR;
				CLANG_WARN_QUOTED_INCLUDE_IN_FRAMEWORK_HEADER = YES;
				CLANG_WARN_RANGE_LOOP_ANALYSIS = YES;
				CLANG_WARN_STRICT_PROTOTYPES = YES;
				CLANG_WARN_SUSPICIOUS_MOVE = YES;
				CLANG_WARN_UNGUARDED_AVAILABILITY = YES_AGGRESSIVE;
				CLANG_WARN_UNREACHABLE_CODE = YES;
				CLANG_WARN__DUPLICATE_METHOD_MATCH = YES;
				COPY_PHASE_STRIP = NO;
				DEBUG_INFORMATION_FORMAT = "dwarf-with-dsym";
				ENABLE_NS_ASSERTIONS = NO;
				ENABLE_STRICT_OBJC_MSGSEND = YES;
				GCC_C_LANGUAGE_STANDARD = gnu11;
				GCC_NO_COMMON_BLOCKS = YES;
				GCC_WARN_64_TO_32_BIT_CONVERSION = YES;
				GCC_WARN_ABOUT_RETURN_TYPE = YES_ERROR;
				GCC_WARN_UNDECLARED_SELECTOR = YES;
				GCC_WARN_UNINITIALIZED_AUTOS = YES_AGGRESSIVE;
				GCC_WARN_UNUSED_FUNCTION = YES;
				GCC_WARN_UNUSED_VARIABLE = YES;
				IPHONEOS_DEPLOYMENT_TARGET = 16.2;
				MTL_ENABLE_DEBUG_INFO = NO;
				MTL_FAST_MATH = YES;
				SDKROOT = iphoneos;
				SWIFT_COMPILATION_MODE = wholemodule;
				SWIFT_OPTIMIZATION_LEVEL = "-O";
				VALIDATE_PRODUCT = YES;
			};
			name = Release;
		};
		174E2DA529B1E0F70027379A /* Debug */ = {
			isa = XCBuildConfiguration;
			buildSettings = {
				ASSETCATALOG_COMPILER_APPICON_NAME = AppIcon;
				ASSETCATALOG_COMPILER_GLOBAL_ACCENT_COLOR_NAME = AccentColor;
				CODE_SIGN_STYLE = Automatic;
				CURRENT_PROJECT_VERSION = 1;
				DEVELOPMENT_ASSET_PATHS = "\"03.03 API Todos-Liste/Preview Content\"";
				ENABLE_PREVIEWS = YES;
				GENERATE_INFOPLIST_FILE = YES;
				INFOPLIST_KEY_UIApplicationSceneManifest_Generation = YES;
				INFOPLIST_KEY_UIApplicationSupportsIndirectInputEvents = YES;
				INFOPLIST_KEY_UILaunchScreen_Generation = YES;
				INFOPLIST_KEY_UISupportedInterfaceOrientations_iPad = "UIInterfaceOrientationPortrait UIInterfaceOrientationPortraitUpsideDown UIInterfaceOrientationLandscapeLeft UIInterfaceOrientationLandscapeRight";
				INFOPLIST_KEY_UISupportedInterfaceOrientations_iPhone = "UIInterfaceOrientationPortrait UIInterfaceOrientationLandscapeLeft UIInterfaceOrientationLandscapeRight";
				LD_RUNPATH_SEARCH_PATHS = (
					"$(inherited)",
					"@executable_path/Frameworks",
				);
				MARKETING_VERSION = 1.0;
				PRODUCT_BUNDLE_IDENTIFIER = "Max.-3-03-API-Todos-Liste";
				PRODUCT_NAME = "$(TARGET_NAME)";
				SWIFT_EMIT_LOC_STRINGS = YES;
				SWIFT_VERSION = 5.0;
				TARGETED_DEVICE_FAMILY = "1,2";
			};
			name = Debug;
		};
		174E2DA629B1E0F70027379A /* Release */ = {
			isa = XCBuildConfiguration;
			buildSettings = {
				ASSETCATALOG_COMPILER_APPICON_NAME = AppIcon;
				ASSETCATALOG_COMPILER_GLOBAL_ACCENT_COLOR_NAME = AccentColor;
				CODE_SIGN_STYLE = Automatic;
				CURRENT_PROJECT_VERSION = 1;
				DEVELOPMENT_ASSET_PATHS = "\"03.03 API Todos-Liste/Preview Content\"";
				ENABLE_PREVIEWS = YES;
				GENERATE_INFOPLIST_FILE = YES;
				INFOPLIST_KEY_UIApplicationSceneManifest_Generation = YES;
				INFOPLIST_KEY_UIApplicationSupportsIndirectInputEvents = YES;
				INFOPLIST_KEY_UILaunchScreen_Generation = YES;
				INFOPLIST_KEY_UISupportedInterfaceOrientations_iPad = "UIInterfaceOrientationPortrait UIInterfaceOrientationPortraitUpsideDown UIInterfaceOrientationLandscapeLeft UIInterfaceOrientationLandscapeRight";
				INFOPLIST_KEY_UISupportedInterfaceOrientations_iPhone = "UIInterfaceOrientationPortrait UIInterfaceOrientationLandscapeLeft UIInterfaceOrientationLandscapeRight";
				LD_RUNPATH_SEARCH_PATHS = (
					"$(inherited)",
					"@executable_path/Frameworks",
				);
				MARKETING_VERSION = 1.0;
				PRODUCT_BUNDLE_IDENTIFIER = "Max.-3-03-API-Todos-Liste";
				PRODUCT_NAME = "$(TARGET_NAME)";
				SWIFT_EMIT_LOC_STRINGS = YES;
				SWIFT_VERSION = 5.0;
				TARGETED_DEVICE_FAMILY = "1,2";
			};
			name = Release;
		};
		174E2DA829B1E0F70027379A /* Debug */ = {
			isa = XCBuildConfiguration;
			buildSettings = {
				ALWAYS_EMBED_SWIFT_STANDARD_LIBRARIES = YES;
				BUNDLE_LOADER = "$(TEST_HOST)";
				CODE_SIGN_STYLE = Automatic;
				CURRENT_PROJECT_VERSION = 1;
				GENERATE_INFOPLIST_FILE = YES;
				IPHONEOS_DEPLOYMENT_TARGET = 16.2;
				MARKETING_VERSION = 1.0;
				PRODUCT_BUNDLE_IDENTIFIER = "Max.-3-03-API-Todos-ListeTests";
				PRODUCT_NAME = "$(TARGET_NAME)";
				SWIFT_EMIT_LOC_STRINGS = NO;
				SWIFT_VERSION = 5.0;
				TARGETED_DEVICE_FAMILY = "1,2";
				TEST_HOST = "$(BUILT_PRODUCTS_DIR)/03.03 API Todos-Liste.app/$(BUNDLE_EXECUTABLE_FOLDER_PATH)/03.03 API Todos-Liste";
			};
			name = Debug;
		};
		174E2DA929B1E0F70027379A /* Release */ = {
			isa = XCBuildConfiguration;
			buildSettings = {
				ALWAYS_EMBED_SWIFT_STANDARD_LIBRARIES = YES;
				BUNDLE_LOADER = "$(TEST_HOST)";
				CODE_SIGN_STYLE = Automatic;
				CURRENT_PROJECT_VERSION = 1;
				GENERATE_INFOPLIST_FILE = YES;
				IPHONEOS_DEPLOYMENT_TARGET = 16.2;
				MARKETING_VERSION = 1.0;
				PRODUCT_BUNDLE_IDENTIFIER = "Max.-3-03-API-Todos-ListeTests";
				PRODUCT_NAME = "$(TARGET_NAME)";
				SWIFT_EMIT_LOC_STRINGS = NO;
				SWIFT_VERSION = 5.0;
				TARGETED_DEVICE_FAMILY = "1,2";
				TEST_HOST = "$(BUILT_PRODUCTS_DIR)/03.03 API Todos-Liste.app/$(BUNDLE_EXECUTABLE_FOLDER_PATH)/03.03 API Todos-Liste";
			};
			name = Release;
		};
		174E2DAB29B1E0F70027379A /* Debug */ = {
			isa = XCBuildConfiguration;
			buildSettings = {
				ALWAYS_EMBED_SWIFT_STANDARD_LIBRARIES = YES;
				CODE_SIGN_STYLE = Automatic;
				CURRENT_PROJECT_VERSION = 1;
				GENERATE_INFOPLIST_FILE = YES;
				MARKETING_VERSION = 1.0;
				PRODUCT_BUNDLE_IDENTIFIER = "Max.-3-03-API-Todos-ListeUITests";
				PRODUCT_NAME = "$(TARGET_NAME)";
				SWIFT_EMIT_LOC_STRINGS = NO;
				SWIFT_VERSION = 5.0;
				TARGETED_DEVICE_FAMILY = "1,2";
				TEST_TARGET_NAME = "03.03 API Todos-Liste";
			};
			name = Debug;
		};
		174E2DAC29B1E0F70027379A /* Release */ = {
			isa = XCBuildConfiguration;
			buildSettings = {
				ALWAYS_EMBED_SWIFT_STANDARD_LIBRARIES = YES;
				CODE_SIGN_STYLE = Automatic;
				CURRENT_PROJECT_VERSION = 1;
				GENERATE_INFOPLIST_FILE = YES;
				MARKETING_VERSION = 1.0;
				PRODUCT_BUNDLE_IDENTIFIER = "Max.-3-03-API-Todos-ListeUITests";
				PRODUCT_NAME = "$(TARGET_NAME)";
				SWIFT_EMIT_LOC_STRINGS = NO;
				SWIFT_VERSION = 5.0;
				TARGETED_DEVICE_FAMILY = "1,2";
				TEST_TARGET_NAME = "03.03 API Todos-Liste";
			};
			name = Release;
		};
/* End XCBuildConfiguration section */

/* Begin XCConfigurationList section */
		174E2D7B29B1E0F50027379A /* Build configuration list for PBXProject "03.03 API Todos-Liste" */ = {
			isa = XCConfigurationList;
			buildConfigurations = (
				174E2DA229B1E0F70027379A /* Debug */,
				174E2DA329B1E0F70027379A /* Release */,
			);
			defaultConfigurationIsVisible = 0;
			defaultConfigurationName = Release;
		};
		174E2DA429B1E0F70027379A /* Build configuration list for PBXNativeTarget "03.03 API Todos-Liste" */ = {
			isa = XCConfigurationList;
			buildConfigurations = (
				174E2DA529B1E0F70027379A /* Debug */,
				174E2DA629B1E0F70027379A /* Release */,
			);
			defaultConfigurationIsVisible = 0;
			defaultConfigurationName = Release;
		};
		174E2DA729B1E0F70027379A /* Build configuration list for PBXNativeTarget "03.03 API Todos-ListeTests" */ = {
			isa = XCConfigurationList;
			buildConfigurations = (
				174E2DA829B1E0F70027379A /* Debug */,
				174E2DA929B1E0F70027379A /* Release */,
			);
			defaultConfigurationIsVisible = 0;
			defaultConfigurationName = Release;
		};
		174E2DAA29B1E0F70027379A /* Build configuration list for PBXNativeTarget "03.03 API Todos-ListeUITests" */ = {
			isa = XCConfigurationList;
			buildConfigurations = (
				174E2DAB29B1E0F70027379A /* Debug */,
				174E2DAC29B1E0F70027379A /* Release */,
			);
			defaultConfigurationIsVisible = 0;
			defaultConfigurationName = Release;
		};
/* End XCConfigurationList section */
	};
	rootObject = 174E2D7829B1E0F50027379A /* Project object */;
}
