// !$*UTF8*$!
{
	archiveVersion = 1;
	classes = {
	};
	objectVersion = 56;
	objects = {

/* Begin PBXBuildFile section */
		17C1A4E429ACE1080070958A /* Valutta_kalkulatorApp.swift in Sources */ = {isa = PBXBuildFile; fileRef = 17C1A4E329ACE1080070958A /* Valutta_kalkulatorApp.swift */; };
		17C1A4E629ACE1080070958A /* ContentView.swift in Sources */ = {isa = PBXBuildFile; fileRef = 17C1A4E529ACE1080070958A /* ContentView.swift */; };
		17C1A4E829ACE10A0070958A /* Assets.xcassets in Resources */ = {isa = PBXBuildFile; fileRef = 17C1A4E729ACE10A0070958A /* Assets.xcassets */; };
		17C1A4EC29ACE10A0070958A /* Preview Assets.xcassets in Resources */ = {isa = PBXBuildFile; fileRef = 17C1A4EB29ACE10A0070958A /* Preview Assets.xcassets */; };
		17C1A4F629ACE10A0070958A /* Valutta_kalkulatorTests.swift in Sources */ = {isa = PBXBuildFile; fileRef = 17C1A4F529ACE10A0070958A /* Valutta_kalkulatorTests.swift */; };
		17C1A50029ACE10A0070958A /* Valutta_kalkulatorUITests.swift in Sources */ = {isa = PBXBuildFile; fileRef = 17C1A4FF29ACE10A0070958A /* Valutta_kalkulatorUITests.swift */; };
		17C1A50229ACE10A0070958A /* Valutta_kalkulatorUITestsLaunchTests.swift in Sources */ = {isa = PBXBuildFile; fileRef = 17C1A50129ACE10A0070958A /* Valutta_kalkulatorUITestsLaunchTests.swift */; };
/* End PBXBuildFile section */

/* Begin PBXContainerItemProxy section */
		17C1A4F229ACE10A0070958A /* PBXContainerItemProxy */ = {
			isa = PBXContainerItemProxy;
			containerPortal = 17C1A4D829ACE1080070958A /* Project object */;
			proxyType = 1;
			remoteGlobalIDString = 17C1A4DF29ACE1080070958A;
			remoteInfo = "Valutta-kalkulator";
		};
		17C1A4FC29ACE10A0070958A /* PBXContainerItemProxy */ = {
			isa = PBXContainerItemProxy;
			containerPortal = 17C1A4D829ACE1080070958A /* Project object */;
			proxyType = 1;
			remoteGlobalIDString = 17C1A4DF29ACE1080070958A;
			remoteInfo = "Valutta-kalkulator";
		};
/* End PBXContainerItemProxy section */

/* Begin PBXFileReference section */
		17C1A4E029ACE1080070958A /* Valutta-kalkulator.app */ = {isa = PBXFileReference; explicitFileType = wrapper.application; includeInIndex = 0; path = "Valutta-kalkulator.app"; sourceTree = BUILT_PRODUCTS_DIR; };
		17C1A4E329ACE1080070958A /* Valutta_kalkulatorApp.swift */ = {isa = PBXFileReference; lastKnownFileType = sourcecode.swift; path = Valutta_kalkulatorApp.swift; sourceTree = "<group>"; };
		17C1A4E529ACE1080070958A /* ContentView.swift */ = {isa = PBXFileReference; lastKnownFileType = sourcecode.swift; path = ContentView.swift; sourceTree = "<group>"; };
		17C1A4E729ACE10A0070958A /* Assets.xcassets */ = {isa = PBXFileReference; lastKnownFileType = folder.assetcatalog; path = Assets.xcassets; sourceTree = "<group>"; };
		17C1A4E929ACE10A0070958A /* Valutta_kalkulator.entitlements */ = {isa = PBXFileReference; lastKnownFileType = text.plist.entitlements; path = Valutta_kalkulator.entitlements; sourceTree = "<group>"; };
		17C1A4EB29ACE10A0070958A /* Preview Assets.xcassets */ = {isa = PBXFileReference; lastKnownFileType = folder.assetcatalog; path = "Preview Assets.xcassets"; sourceTree = "<group>"; };
		17C1A4F129ACE10A0070958A /* Valutta-kalkulatorTests.xctest */ = {isa = PBXFileReference; explicitFileType = wrapper.cfbundle; includeInIndex = 0; path = "Valutta-kalkulatorTests.xctest"; sourceTree = BUILT_PRODUCTS_DIR; };
		17C1A4F529ACE10A0070958A /* Valutta_kalkulatorTests.swift */ = {isa = PBXFileReference; lastKnownFileType = sourcecode.swift; path = Valutta_kalkulatorTests.swift; sourceTree = "<group>"; };
		17C1A4FB29ACE10A0070958A /* Valutta-kalkulatorUITests.xctest */ = {isa = PBXFileReference; explicitFileType = wrapper.cfbundle; includeInIndex = 0; path = "Valutta-kalkulatorUITests.xctest"; sourceTree = BUILT_PRODUCTS_DIR; };
		17C1A4FF29ACE10A0070958A /* Valutta_kalkulatorUITests.swift */ = {isa = PBXFileReference; lastKnownFileType = sourcecode.swift; path = Valutta_kalkulatorUITests.swift; sourceTree = "<group>"; };
		17C1A50129ACE10A0070958A /* Valutta_kalkulatorUITestsLaunchTests.swift */ = {isa = PBXFileReference; lastKnownFileType = sourcecode.swift; path = Valutta_kalkulatorUITestsLaunchTests.swift; sourceTree = "<group>"; };
/* End PBXFileReference section */

/* Begin PBXFrameworksBuildPhase section */
		17C1A4DD29ACE1080070958A /* Frameworks */ = {
			isa = PBXFrameworksBuildPhase;
			buildActionMask = 2147483647;
			files = (
			);
			runOnlyForDeploymentPostprocessing = 0;
		};
		17C1A4EE29ACE10A0070958A /* Frameworks */ = {
			isa = PBXFrameworksBuildPhase;
			buildActionMask = 2147483647;
			files = (
			);
			runOnlyForDeploymentPostprocessing = 0;
		};
		17C1A4F829ACE10A0070958A /* Frameworks */ = {
			isa = PBXFrameworksBuildPhase;
			buildActionMask = 2147483647;
			files = (
			);
			runOnlyForDeploymentPostprocessing = 0;
		};
/* End PBXFrameworksBuildPhase section */

/* Begin PBXGroup section */
		17C1A4D729ACE1080070958A = {
			isa = PBXGroup;
			children = (
				17C1A4E229ACE1080070958A /* Valutta-kalkulator */,
				17C1A4F429ACE10A0070958A /* Valutta-kalkulatorTests */,
				17C1A4FE29ACE10A0070958A /* Valutta-kalkulatorUITests */,
				17C1A4E129ACE1080070958A /* Products */,
			);
			sourceTree = "<group>";
		};
		17C1A4E129ACE1080070958A /* Products */ = {
			isa = PBXGroup;
			children = (
				17C1A4E029ACE1080070958A /* Valutta-kalkulator.app */,
				17C1A4F129ACE10A0070958A /* Valutta-kalkulatorTests.xctest */,
				17C1A4FB29ACE10A0070958A /* Valutta-kalkulatorUITests.xctest */,
			);
			name = Products;
			sourceTree = "<group>";
		};
		17C1A4E229ACE1080070958A /* Valutta-kalkulator */ = {
			isa = PBXGroup;
			children = (
				17C1A4E329ACE1080070958A /* Valutta_kalkulatorApp.swift */,
				17C1A4E529ACE1080070958A /* ContentView.swift */,
				17C1A4E729ACE10A0070958A /* Assets.xcassets */,
				17C1A4E929ACE10A0070958A /* Valutta_kalkulator.entitlements */,
				17C1A4EA29ACE10A0070958A /* Preview Content */,
			);
			path = "Valutta-kalkulator";
			sourceTree = "<group>";
		};
		17C1A4EA29ACE10A0070958A /* Preview Content */ = {
			isa = PBXGroup;
			children = (
				17C1A4EB29ACE10A0070958A /* Preview Assets.xcassets */,
			);
			path = "Preview Content";
			sourceTree = "<group>";
		};
		17C1A4F429ACE10A0070958A /* Valutta-kalkulatorTests */ = {
			isa = PBXGroup;
			children = (
				17C1A4F529ACE10A0070958A /* Valutta_kalkulatorTests.swift */,
			);
			path = "Valutta-kalkulatorTests";
			sourceTree = "<group>";
		};
		17C1A4FE29ACE10A0070958A /* Valutta-kalkulatorUITests */ = {
			isa = PBXGroup;
			children = (
				17C1A4FF29ACE10A0070958A /* Valutta_kalkulatorUITests.swift */,
				17C1A50129ACE10A0070958A /* Valutta_kalkulatorUITestsLaunchTests.swift */,
			);
			path = "Valutta-kalkulatorUITests";
			sourceTree = "<group>";
		};
/* End PBXGroup section */

/* Begin PBXNativeTarget section */
		17C1A4DF29ACE1080070958A /* Valutta-kalkulator */ = {
			isa = PBXNativeTarget;
			buildConfigurationList = 17C1A50529ACE10A0070958A /* Build configuration list for PBXNativeTarget "Valutta-kalkulator" */;
			buildPhases = (
				17C1A4DC29ACE1080070958A /* Sources */,
				17C1A4DD29ACE1080070958A /* Frameworks */,
				17C1A4DE29ACE1080070958A /* Resources */,
			);
			buildRules = (
			);
			dependencies = (
			);
			name = "Valutta-kalkulator";
			productName = "Valutta-kalkulator";
			productReference = 17C1A4E029ACE1080070958A /* Valutta-kalkulator.app */;
			productType = "com.apple.product-type.application";
		};
		17C1A4F029ACE10A0070958A /* Valutta-kalkulatorTests */ = {
			isa = PBXNativeTarget;
			buildConfigurationList = 17C1A50829ACE10A0070958A /* Build configuration list for PBXNativeTarget "Valutta-kalkulatorTests" */;
			buildPhases = (
				17C1A4ED29ACE10A0070958A /* Sources */,
				17C1A4EE29ACE10A0070958A /* Frameworks */,
				17C1A4EF29ACE10A0070958A /* Resources */,
			);
			buildRules = (
			);
			dependencies = (
				17C1A4F329ACE10A0070958A /* PBXTargetDependency */,
			);
			name = "Valutta-kalkulatorTests";
			productName = "Valutta-kalkulatorTests";
			productReference = 17C1A4F129ACE10A0070958A /* Valutta-kalkulatorTests.xctest */;
			productType = "com.apple.product-type.bundle.unit-test";
		};
		17C1A4FA29ACE10A0070958A /* Valutta-kalkulatorUITests */ = {
			isa = PBXNativeTarget;
			buildConfigurationList = 17C1A50B29ACE10A0070958A /* Build configuration list for PBXNativeTarget "Valutta-kalkulatorUITests" */;
			buildPhases = (
				17C1A4F729ACE10A0070958A /* Sources */,
				17C1A4F829ACE10A0070958A /* Frameworks */,
				17C1A4F929ACE10A0070958A /* Resources */,
			);
			buildRules = (
			);
			dependencies = (
				17C1A4FD29ACE10A0070958A /* PBXTargetDependency */,
			);
			name = "Valutta-kalkulatorUITests";
			productName = "Valutta-kalkulatorUITests";
			productReference = 17C1A4FB29ACE10A0070958A /* Valutta-kalkulatorUITests.xctest */;
			productType = "com.apple.product-type.bundle.ui-testing";
		};
/* End PBXNativeTarget section */

/* Begin PBXProject section */
		17C1A4D829ACE1080070958A /* Project object */ = {
			isa = PBXProject;
			attributes = {
				BuildIndependentTargetsInParallel = 1;
				LastSwiftUpdateCheck = 1420;
				LastUpgradeCheck = 1420;
				TargetAttributes = {
					17C1A4DF29ACE1080070958A = {
						CreatedOnToolsVersion = 14.2;
					};
					17C1A4F029ACE10A0070958A = {
						CreatedOnToolsVersion = 14.2;
						TestTargetID = 17C1A4DF29ACE1080070958A;
					};
					17C1A4FA29ACE10A0070958A = {
						CreatedOnToolsVersion = 14.2;
						TestTargetID = 17C1A4DF29ACE1080070958A;
					};
				};
			};
			buildConfigurationList = 17C1A4DB29ACE1080070958A /* Build configuration list for PBXProject "Valutta-kalkulator" */;
			compatibilityVersion = "Xcode 14.0";
			developmentRegion = en;
			hasScannedForEncodings = 0;
			knownRegions = (
				en,
				Base,
			);
			mainGroup = 17C1A4D729ACE1080070958A;
			productRefGroup = 17C1A4E129ACE1080070958A /* Products */;
			projectDirPath = "";
			projectRoot = "";
			targets = (
				17C1A4DF29ACE1080070958A /* Valutta-kalkulator */,
				17C1A4F029ACE10A0070958A /* Valutta-kalkulatorTests */,
				17C1A4FA29ACE10A0070958A /* Valutta-kalkulatorUITests */,
			);
		};
/* End PBXProject section */

/* Begin PBXResourcesBuildPhase section */
		17C1A4DE29ACE1080070958A /* Resources */ = {
			isa = PBXResourcesBuildPhase;
			buildActionMask = 2147483647;
			files = (
				17C1A4EC29ACE10A0070958A /* Preview Assets.xcassets in Resources */,
				17C1A4E829ACE10A0070958A /* Assets.xcassets in Resources */,
			);
			runOnlyForDeploymentPostprocessing = 0;
		};
		17C1A4EF29ACE10A0070958A /* Resources */ = {
			isa = PBXResourcesBuildPhase;
			buildActionMask = 2147483647;
			files = (
			);
			runOnlyForDeploymentPostprocessing = 0;
		};
		17C1A4F929ACE10A0070958A /* Resources */ = {
			isa = PBXResourcesBuildPhase;
			buildActionMask = 2147483647;
			files = (
			);
			runOnlyForDeploymentPostprocessing = 0;
		};
/* End PBXResourcesBuildPhase section */

/* Begin PBXSourcesBuildPhase section */
		17C1A4DC29ACE1080070958A /* Sources */ = {
			isa = PBXSourcesBuildPhase;
			buildActionMask = 2147483647;
			files = (
				17C1A4E629ACE1080070958A /* ContentView.swift in Sources */,
				17C1A4E429ACE1080070958A /* Valutta_kalkulatorApp.swift in Sources */,
			);
			runOnlyForDeploymentPostprocessing = 0;
		};
		17C1A4ED29ACE10A0070958A /* Sources */ = {
			isa = PBXSourcesBuildPhase;
			buildActionMask = 2147483647;
			files = (
				17C1A4F629ACE10A0070958A /* Valutta_kalkulatorTests.swift in Sources */,
			);
			runOnlyForDeploymentPostprocessing = 0;
		};
		17C1A4F729ACE10A0070958A /* Sources */ = {
			isa = PBXSourcesBuildPhase;
			buildActionMask = 2147483647;
			files = (
				17C1A50229ACE10A0070958A /* Valutta_kalkulatorUITestsLaunchTests.swift in Sources */,
				17C1A50029ACE10A0070958A /* Valutta_kalkulatorUITests.swift in Sources */,
			);
			runOnlyForDeploymentPostprocessing = 0;
		};
/* End PBXSourcesBuildPhase section */

/* Begin PBXTargetDependency section */
		17C1A4F329ACE10A0070958A /* PBXTargetDependency */ = {
			isa = PBXTargetDependency;
			target = 17C1A4DF29ACE1080070958A /* Valutta-kalkulator */;
			targetProxy = 17C1A4F229ACE10A0070958A /* PBXContainerItemProxy */;
		};
		17C1A4FD29ACE10A0070958A /* PBXTargetDependency */ = {
			isa = PBXTargetDependency;
			target = 17C1A4DF29ACE1080070958A /* Valutta-kalkulator */;
			targetProxy = 17C1A4FC29ACE10A0070958A /* PBXContainerItemProxy */;
		};
/* End PBXTargetDependency section */

/* Begin XCBuildConfiguration section */
		17C1A50329ACE10A0070958A /* Debug */ = {
			isa = XCBuildConfiguration;
			buildSettings = {
				ALWAYS_SEARCH_USER_PATHS = NO;
				CLANG_ANALYZER_NONNULL = YES;
				CLANG_ANALYZER_NUMBER_OBJECT_CONVERSION = YES_AGGRESSIVE;
				CLANG_CXX_LANGUAGE_STANDARD = "gnu++20";
				CLANG_ENABLE_MODULES = YES;
				CLANG_ENABLE_OBJC_ARC = YES;
				CLANG_ENABLE_OBJC_WEAK = YES;
				CLANG_WARN_BLOCK_CAPTURE_AUTORELEASING = YES;
				CLANG_WARN_BOOL_CONVERSION = YES;
				CLANG_WARN_COMMA = YES;
				CLANG_WARN_CONSTANT_CONVERSION = YES;
				CLANG_WARN_DEPRECATED_OBJC_IMPLEMENTATIONS = YES;
				CLANG_WARN_DIRECT_OBJC_ISA_USAGE = YES_ERROR;
				CLANG_WARN_DOCUMENTATION_COMMENTS = YES;
				CLANG_WARN_EMPTY_BODY = YES;
				CLANG_WARN_ENUM_CONVERSION = YES;
				CLANG_WARN_INFINITE_RECURSION = YES;
				CLANG_WARN_INT_CONVERSION = YES;
				CLANG_WARN_NON_LITERAL_NULL_CONVERSION = YES;
				CLANG_WARN_OBJC_IMPLICIT_RETAIN_SELF = YES;
				CLANG_WARN_OBJC_LITERAL_CONVERSION = YES;
				CLANG_WARN_OBJC_ROOT_CLASS = YES_ERROR;
				CLANG_WARN_QUOTED_INCLUDE_IN_FRAMEWORK_HEADER = YES;
				CLANG_WARN_RANGE_LOOP_ANALYSIS = YES;
				CLANG_WARN_STRICT_PROTOTYPES = YES;
				CLANG_WARN_SUSPICIOUS_MOVE = YES;
				CLANG_WARN_UNGUARDED_AVAILABILITY = YES_AGGRESSIVE;
				CLANG_WARN_UNREACHABLE_CODE = YES;
				CLANG_WARN__DUPLICATE_METHOD_MATCH = YES;
				COPY_PHASE_STRIP = NO;
				DEBUG_INFORMATION_FORMAT = dwarf;
				ENABLE_STRICT_OBJC_MSGSEND = YES;
				ENABLE_TESTABILITY = YES;
				GCC_C_LANGUAGE_STANDARD = gnu11;
				GCC_DYNAMIC_NO_PIC = NO;
				GCC_NO_COMMON_BLOCKS = YES;
				GCC_OPTIMIZATION_LEVEL = 0;
				GCC_PREPROCESSOR_DEFINITIONS = (
					"DEBUG=1",
					"$(inherited)",
				);
				GCC_WARN_64_TO_32_BIT_CONVERSION = YES;
				GCC_WARN_ABOUT_RETURN_TYPE = YES_ERROR;
				GCC_WARN_UNDECLARED_SELECTOR = YES;
				GCC_WARN_UNINITIALIZED_AUTOS = YES_AGGRESSIVE;
				GCC_WARN_UNUSED_FUNCTION = YES;
				GCC_WARN_UNUSED_VARIABLE = YES;
				MTL_ENABLE_DEBUG_INFO = INCLUDE_SOURCE;
				MTL_FAST_MATH = YES;
				ONLY_ACTIVE_ARCH = YES;
				SWIFT_ACTIVE_COMPILATION_CONDITIONS = DEBUG;
				SWIFT_OPTIMIZATION_LEVEL = "-Onone";
			};
			name = Debug;
		};
		17C1A50429ACE10A0070958A /* Release */ = {
			isa = XCBuildConfiguration;
			buildSettings = {
				ALWAYS_SEARCH_USER_PATHS = NO;
				CLANG_ANALYZER_NONNULL = YES;
				CLANG_ANALYZER_NUMBER_OBJECT_CONVERSION = YES_AGGRESSIVE;
				CLANG_CXX_LANGUAGE_STANDARD = "gnu++20";
				CLANG_ENABLE_MODULES = YES;
				CLANG_ENABLE_OBJC_ARC = YES;
				CLANG_ENABLE_OBJC_WEAK = YES;
				CLANG_WARN_BLOCK_CAPTURE_AUTORELEASING = YES;
				CLANG_WARN_BOOL_CONVERSION = YES;
				CLANG_WARN_COMMA = YES;
				CLANG_WARN_CONSTANT_CONVERSION = YES;
				CLANG_WARN_DEPRECATED_OBJC_IMPLEMENTATIONS = YES;
				CLANG_WARN_DIRECT_OBJC_ISA_USAGE = YES_ERROR;
				CLANG_WARN_DOCUMENTATION_COMMENTS = YES;
				CLANG_WARN_EMPTY_BODY = YES;
				CLANG_WARN_ENUM_CONVERSION = YES;
				CLANG_WARN_INFINITE_RECURSION = YES;
				CLANG_WARN_INT_CONVERSION = YES;
				CLANG_WARN_NON_LITERAL_NULL_CONVERSION = YES;
				CLANG_WARN_OBJC_IMPLICIT_RETAIN_SELF = YES;
				CLANG_WARN_OBJC_LITERAL_CONVERSION = YES;
				CLANG_WARN_OBJC_ROOT_CLASS = YES_ERROR;
				CLANG_WARN_QUOTED_INCLUDE_IN_FRAMEWORK_HEADER = YES;
				CLANG_WARN_RANGE_LOOP_ANALYSIS = YES;
				CLANG_WARN_STRICT_PROTOTYPES = YES;
				CLANG_WARN_SUSPICIOUS_MOVE = YES;
				CLANG_WARN_UNGUARDED_AVAILABILITY = YES_AGGRESSIVE;
				CLANG_WARN_UNREACHABLE_CODE = YES;
				CLANG_WARN__DUPLICATE_METHOD_MATCH = YES;
				COPY_PHASE_STRIP = NO;
				DEBUG_INFORMATION_FORMAT = "dwarf-with-dsym";
				ENABLE_NS_ASSERTIONS = NO;
				ENABLE_STRICT_OBJC_MSGSEND = YES;
				GCC_C_LANGUAGE_STANDARD = gnu11;
				GCC_NO_COMMON_BLOCKS = YES;
				GCC_WARN_64_TO_32_BIT_CONVERSION = YES;
				GCC_WARN_ABOUT_RETURN_TYPE = YES_ERROR;
				GCC_WARN_UNDECLARED_SELECTOR = YES;
				GCC_WARN_UNINITIALIZED_AUTOS = YES_AGGRESSIVE;
				GCC_WARN_UNUSED_FUNCTION = YES;
				GCC_WARN_UNUSED_VARIABLE = YES;
				MTL_ENABLE_DEBUG_INFO = NO;
				MTL_FAST_MATH = YES;
				SWIFT_COMPILATION_MODE = wholemodule;
				SWIFT_OPTIMIZATION_LEVEL = "-O";
			};
			name = Release;
		};
		17C1A50629ACE10A0070958A /* Debug */ = {
			isa = XCBuildConfiguration;
			buildSettings = {
				ASSETCATALOG_COMPILER_APPICON_NAME = AppIcon;
				ASSETCATALOG_COMPILER_GLOBAL_ACCENT_COLOR_NAME = AccentColor;
				CODE_SIGN_ENTITLEMENTS = "Valutta-kalkulator/Valutta_kalkulator.entitlements";
				CODE_SIGN_STYLE = Automatic;
				CURRENT_PROJECT_VERSION = 1;
				DEVELOPMENT_ASSET_PATHS = "\"Valutta-kalkulator/Preview Content\"";
				ENABLE_PREVIEWS = YES;
				GENERATE_INFOPLIST_FILE = YES;
				"INFOPLIST_KEY_UIApplicationSceneManifest_Generation[sdk=iphoneos*]" = YES;
				"INFOPLIST_KEY_UIApplicationSceneManifest_Generation[sdk=iphonesimulator*]" = YES;
				"INFOPLIST_KEY_UIApplicationSupportsIndirectInputEvents[sdk=iphoneos*]" = YES;
				"INFOPLIST_KEY_UIApplicationSupportsIndirectInputEvents[sdk=iphonesimulator*]" = YES;
				"INFOPLIST_KEY_UILaunchScreen_Generation[sdk=iphoneos*]" = YES;
				"INFOPLIST_KEY_UILaunchScreen_Generation[sdk=iphonesimulator*]" = YES;
				"INFOPLIST_KEY_UIStatusBarStyle[sdk=iphoneos*]" = UIStatusBarStyleDefault;
				"INFOPLIST_KEY_UIStatusBarStyle[sdk=iphonesimulator*]" = UIStatusBarStyleDefault;
				INFOPLIST_KEY_UISupportedInterfaceOrientations_iPad = "UIInterfaceOrientationPortrait UIInterfaceOrientationPortraitUpsideDown UIInterfaceOrientationLandscapeLeft UIInterfaceOrientationLandscapeRight";
				INFOPLIST_KEY_UISupportedInterfaceOrientations_iPhone = "UIInterfaceOrientationPortrait UIInterfaceOrientationLandscapeLeft UIInterfaceOrientationLandscapeRight";
				IPHONEOS_DEPLOYMENT_TARGET = 16.2;
				LD_RUNPATH_SEARCH_PATHS = "@executable_path/Frameworks";
				"LD_RUNPATH_SEARCH_PATHS[sdk=macosx*]" = "@executable_path/../Frameworks";
				MACOSX_DEPLOYMENT_TARGET = 12.6;
				MARKETING_VERSION = 1.0;
				PRODUCT_BUNDLE_IDENTIFIER = "Max.Valutta-kalkulator";
				PRODUCT_NAME = "$(TARGET_NAME)";
				SDKROOT = auto;
				SUPPORTED_PLATFORMS = "iphoneos iphonesimulator macosx";
				SWIFT_EMIT_LOC_STRINGS = YES;
				SWIFT_VERSION = 5.0;
				TARGETED_DEVICE_FAMILY = "1,2";
			};
			name = Debug;
		};
		17C1A50729ACE10A0070958A /* Release */ = {
			isa = XCBuildConfiguration;
			buildSettings = {
				ASSETCATALOG_COMPILER_APPICON_NAME = AppIcon;
				ASSETCATALOG_COMPILER_GLOBAL_ACCENT_COLOR_NAME = AccentColor;
				CODE_SIGN_ENTITLEMENTS = "Valutta-kalkulator/Valutta_kalkulator.entitlements";
				CODE_SIGN_STYLE = Automatic;
				CURRENT_PROJECT_VERSION = 1;
				DEVELOPMENT_ASSET_PATHS = "\"Valutta-kalkulator/Preview Content\"";
				ENABLE_PREVIEWS = YES;
				GENERATE_INFOPLIST_FILE = YES;
				"INFOPLIST_KEY_UIApplicationSceneManifest_Generation[sdk=iphoneos*]" = YES;
				"INFOPLIST_KEY_UIApplicationSceneManifest_Generation[sdk=iphonesimulator*]" = YES;
				"INFOPLIST_KEY_UIApplicationSupportsIndirectInputEvents[sdk=iphoneos*]" = YES;
				"INFOPLIST_KEY_UIApplicationSupportsIndirectInputEvents[sdk=iphonesimulator*]" = YES;
				"INFOPLIST_KEY_UILaunchScreen_Generation[sdk=iphoneos*]" = YES;
				"INFOPLIST_KEY_UILaunchScreen_Generation[sdk=iphonesimulator*]" = YES;
				"INFOPLIST_KEY_UIStatusBarStyle[sdk=iphoneos*]" = UIStatusBarStyleDefault;
				"INFOPLIST_KEY_UIStatusBarStyle[sdk=iphonesimulator*]" = UIStatusBarStyleDefault;
				INFOPLIST_KEY_UISupportedInterfaceOrientations_iPad = "UIInterfaceOrientationPortrait UIInterfaceOrientationPortraitUpsideDown UIInterfaceOrientationLandscapeLeft UIInterfaceOrientationLandscapeRight";
				INFOPLIST_KEY_UISupportedInterfaceOrientations_iPhone = "UIInterfaceOrientationPortrait UIInterfaceOrientationLandscapeLeft UIInterfaceOrientationLandscapeRight";
				IPHONEOS_DEPLOYMENT_TARGET = 16.2;
				LD_RUNPATH_SEARCH_PATHS = "@executable_path/Frameworks";
				"LD_RUNPATH_SEARCH_PATHS[sdk=macosx*]" = "@executable_path/../Frameworks";
				MACOSX_DEPLOYMENT_TARGET = 12.6;
				MARKETING_VERSION = 1.0;
				PRODUCT_BUNDLE_IDENTIFIER = "Max.Valutta-kalkulator";
				PRODUCT_NAME = "$(TARGET_NAME)";
				SDKROOT = auto;
				SUPPORTED_PLATFORMS = "iphoneos iphonesimulator macosx";
				SWIFT_EMIT_LOC_STRINGS = YES;
				SWIFT_VERSION = 5.0;
				TARGETED_DEVICE_FAMILY = "1,2";
			};
			name = Release;
		};
		17C1A50929ACE10A0070958A /* Debug */ = {
			isa = XCBuildConfiguration;
			buildSettings = {
				ALWAYS_EMBED_SWIFT_STANDARD_LIBRARIES = YES;
				BUNDLE_LOADER = "$(TEST_HOST)";
				CODE_SIGN_STYLE = Automatic;
				CURRENT_PROJECT_VERSION = 1;
				GENERATE_INFOPLIST_FILE = YES;
				IPHONEOS_DEPLOYMENT_TARGET = 16.2;
				MACOSX_DEPLOYMENT_TARGET = 12.6;
				MARKETING_VERSION = 1.0;
				PRODUCT_BUNDLE_IDENTIFIER = "Max.Valutta-kalkulatorTests";
				PRODUCT_NAME = "$(TARGET_NAME)";
				SDKROOT = auto;
				SUPPORTED_PLATFORMS = "iphoneos iphonesimulator macosx";
				SWIFT_EMIT_LOC_STRINGS = NO;
				SWIFT_VERSION = 5.0;
				TARGETED_DEVICE_FAMILY = "1,2";
				TEST_HOST = "$(BUILT_PRODUCTS_DIR)/Valutta-kalkulator.app/$(BUNDLE_EXECUTABLE_FOLDER_PATH)/Valutta-kalkulator";
			};
			name = Debug;
		};
		17C1A50A29ACE10A0070958A /* Release */ = {
			isa = XCBuildConfiguration;
			buildSettings = {
				ALWAYS_EMBED_SWIFT_STANDARD_LIBRARIES = YES;
				BUNDLE_LOADER = "$(TEST_HOST)";
				CODE_SIGN_STYLE = Automatic;
				CURRENT_PROJECT_VERSION = 1;
				GENERATE_INFOPLIST_FILE = YES;
				IPHONEOS_DEPLOYMENT_TARGET = 16.2;
				MACOSX_DEPLOYMENT_TARGET = 12.6;
				MARKETING_VERSION = 1.0;
				PRODUCT_BUNDLE_IDENTIFIER = "Max.Valutta-kalkulatorTests";
				PRODUCT_NAME = "$(TARGET_NAME)";
				SDKROOT = auto;
				SUPPORTED_PLATFORMS = "iphoneos iphonesimulator macosx";
				SWIFT_EMIT_LOC_STRINGS = NO;
				SWIFT_VERSION = 5.0;
				TARGETED_DEVICE_FAMILY = "1,2";
				TEST_HOST = "$(BUILT_PRODUCTS_DIR)/Valutta-kalkulator.app/$(BUNDLE_EXECUTABLE_FOLDER_PATH)/Valutta-kalkulator";
			};
			name = Release;
		};
		17C1A50C29ACE10A0070958A /* Debug */ = {
			isa = XCBuildConfiguration;
			buildSettings = {
				ALWAYS_EMBED_SWIFT_STANDARD_LIBRARIES = YES;
				CODE_SIGN_STYLE = Automatic;
				CURRENT_PROJECT_VERSION = 1;
				GENERATE_INFOPLIST_FILE = YES;
				IPHONEOS_DEPLOYMENT_TARGET = 16.2;
				MACOSX_DEPLOYMENT_TARGET = 12.6;
				MARKETING_VERSION = 1.0;
				PRODUCT_BUNDLE_IDENTIFIER = "Max.Valutta-kalkulatorUITests";
				PRODUCT_NAME = "$(TARGET_NAME)";
				SDKROOT = auto;
				SUPPORTED_PLATFORMS = "iphoneos iphonesimulator macosx";
				SWIFT_EMIT_LOC_STRINGS = NO;
				SWIFT_VERSION = 5.0;
				TARGETED_DEVICE_FAMILY = "1,2";
				TEST_TARGET_NAME = "Valutta-kalkulator";
			};
			name = Debug;
		};
		17C1A50D29ACE10A0070958A /* Release */ = {
			isa = XCBuildConfiguration;
			buildSettings = {
				ALWAYS_EMBED_SWIFT_STANDARD_LIBRARIES = YES;
				CODE_SIGN_STYLE = Automatic;
				CURRENT_PROJECT_VERSION = 1;
				GENERATE_INFOPLIST_FILE = YES;
				IPHONEOS_DEPLOYMENT_TARGET = 16.2;
				MACOSX_DEPLOYMENT_TARGET = 12.6;
				MARKETING_VERSION = 1.0;
				PRODUCT_BUNDLE_IDENTIFIER = "Max.Valutta-kalkulatorUITests";
				PRODUCT_NAME = "$(TARGET_NAME)";
				SDKROOT = auto;
				SUPPORTED_PLATFORMS = "iphoneos iphonesimulator macosx";
				SWIFT_EMIT_LOC_STRINGS = NO;
				SWIFT_VERSION = 5.0;
				TARGETED_DEVICE_FAMILY = "1,2";
				TEST_TARGET_NAME = "Valutta-kalkulator";
			};
			name = Release;
		};
/* End XCBuildConfiguration section */

/* Begin XCConfigurationList section */
		17C1A4DB29ACE1080070958A /* Build configuration list for PBXProject "Valutta-kalkulator" */ = {
			isa = XCConfigurationList;
			buildConfigurations = (
				17C1A50329ACE10A0070958A /* Debug */,
				17C1A50429ACE10A0070958A /* Release */,
			);
			defaultConfigurationIsVisible = 0;
			defaultConfigurationName = Release;
		};
		17C1A50529ACE10A0070958A /* Build configuration list for PBXNativeTarget "Valutta-kalkulator" */ = {
			isa = XCConfigurationList;
			buildConfigurations = (
				17C1A50629ACE10A0070958A /* Debug */,
				17C1A50729ACE10A0070958A /* Release */,
			);
			defaultConfigurationIsVisible = 0;
			defaultConfigurationName = Release;
		};
		17C1A50829ACE10A0070958A /* Build configuration list for PBXNativeTarget "Valutta-kalkulatorTests" */ = {
			isa = XCConfigurationList;
			buildConfigurations = (
				17C1A50929ACE10A0070958A /* Debug */,
				17C1A50A29ACE10A0070958A /* Release */,
			);
			defaultConfigurationIsVisible = 0;
			defaultConfigurationName = Release;
		};
		17C1A50B29ACE10A0070958A /* Build configuration list for PBXNativeTarget "Valutta-kalkulatorUITests" */ = {
			isa = XCConfigurationList;
			buildConfigurations = (
				17C1A50C29ACE10A0070958A /* Debug */,
				17C1A50D29ACE10A0070958A /* Release */,
			);
			defaultConfigurationIsVisible = 0;
			defaultConfigurationName = Release;
		};
/* End XCConfigurationList section */
	};
	rootObject = 17C1A4D829ACE1080070958A /* Project object */;
}
